{
  "name": "task2",
  "version": "1.0.0",
  "lockfileVersion": 3,
  "requires": true,
  "packages": {
    "": {
      "name": "task2",
      "version": "1.0.0",
      "license": "ISC",
      "dependencies": {
        "@erastkoliasa/most-repeated-letters": "^1.0.0"
      }
    },
    "node_modules/@erastkoliasa/most-repeated-letters": {
      "version": "1.0.0",
      "resolved": "https://registry.npmjs.org/@erastkoliasa/most-repeated-letters/-/most-repeated-letters-1.0.0.tgz",
      "integrity": "sha512-pbzkt+MpSQwZWTwTvJvf/B5USsKdqzdP/e8TvTv//hmWLF6bo7sPacE73uqWZHLu5ceBq/9ZtRS0CPWvVK8kag=="
    }
  }
}
